# This file is automatically @generated by Poetry 1.6.0 and should not be changed by hand.

[[package]]
name = "astor"
version = "0.8.1"
description = "Read/rewrite/write Python ASTs"
optional = false
python-versions = "!=3.0.*,!=3.1.*,!=3.2.*,!=3.3.*,>=2.7"
files = [
    {file = "astor-0.8.1-py2.py3-none-any.whl", hash = "sha256:070a54e890cefb5b3739d19f30f5a5ec840ffc9c50ffa7d23cc9fc1a38ebbfc5"},
    {file = "astor-0.8.1.tar.gz", hash = "sha256:6a6effda93f4e1ce9f618779b2dd1d9d84f1e32812c23a29b3fff6fd7f63fa5e"},
]

[[package]]
name = "attrs"
version = "22.2.0"
description = "Classes Without Boilerplate"
optional = false
python-versions = ">=3.6"
files = [
    {file = "attrs-22.2.0-py3-none-any.whl", hash = "sha256:29e95c7f6778868dbd49170f98f8818f78f3dc5e0e37c0b1f474e3561b240836"},
    {file = "attrs-22.2.0.tar.gz", hash = "sha256:c9227bfc2f01993c03f68db37d1d15c9690188323c067c641f1a35ca58185f99"},
]

[package.extras]
cov = ["attrs[tests]", "coverage-enable-subprocess", "coverage[toml] (>=5.3)"]
dev = ["attrs[docs,tests]"]
docs = ["furo", "myst-parser", "sphinx", "sphinx-notfound-page", "sphinxcontrib-towncrier", "towncrier", "zope.interface"]
tests = ["attrs[tests-no-zope]", "zope.interface"]
tests-no-zope = ["cloudpickle", "cloudpickle", "hypothesis", "hypothesis", "mypy (>=0.971,<0.990)", "mypy (>=0.971,<0.990)", "pympler", "pympler", "pytest (>=4.3.0)", "pytest (>=4.3.0)", "pytest-mypy-plugins", "pytest-mypy-plugins", "pytest-xdist[psutil]", "pytest-xdist[psutil]"]

[[package]]
name = "autoflake"
version = "2.2.0"
description = "Removes unused imports and unused variables"
optional = false
python-versions = ">=3.8"
files = [
    {file = "autoflake-2.2.0-py3-none-any.whl", hash = "sha256:de409b009a34c1c2a7cc2aae84c4c05047f9773594317c6a6968bd497600d4a0"},
    {file = "autoflake-2.2.0.tar.gz", hash = "sha256:62e1f74a0fdad898a96fee6f99fe8241af90ad99c7110c884b35855778412251"},
]

[package.dependencies]
pyflakes = ">=3.0.0"
tomli = {version = ">=2.0.1", markers = "python_version < \"3.11\""}

[[package]]
name = "autopep8"
version = "2.0.2"
description = "A tool that automatically formats Python code to conform to the PEP 8 style guide"
optional = false
python-versions = ">=3.6"
files = [
    {file = "autopep8-2.0.2-py2.py3-none-any.whl", hash = "sha256:86e9303b5e5c8160872b2f5ef611161b2893e9bfe8ccc7e2f76385947d57a2f1"},
    {file = "autopep8-2.0.2.tar.gz", hash = "sha256:f9849cdd62108cb739dbcdbfb7fdcc9a30d1b63c4cc3e1c1f893b5360941b61c"},
]

[package.dependencies]
pycodestyle = ">=2.10.0"
tomli = {version = "*", markers = "python_version < \"3.11\""}

[[package]]
name = "bandit"
version = "1.7.5"
description = "Security oriented static analyser for python code."
optional = false
python-versions = ">=3.7"
files = [
    {file = "bandit-1.7.5-py3-none-any.whl", hash = "sha256:75665181dc1e0096369112541a056c59d1c5f66f9bb74a8d686c3c362b83f549"},
    {file = "bandit-1.7.5.tar.gz", hash = "sha256:bdfc739baa03b880c2d15d0431b31c658ffc348e907fe197e54e0389dd59e11e"},
]

[package.dependencies]
colorama = {version = ">=0.3.9", markers = "platform_system == \"Windows\""}
GitPython = ">=1.0.1"
PyYAML = ">=5.3.1"
rich = "*"
stevedore = ">=1.20.0"

[package.extras]
test = ["beautifulsoup4 (>=4.8.0)", "coverage (>=4.5.4)", "fixtures (>=3.0.0)", "flake8 (>=4.0.0)", "pylint (==1.9.4)", "stestr (>=2.5.0)", "testscenarios (>=0.5.0)", "testtools (>=2.3.0)", "tomli (>=1.1.0)"]
toml = ["tomli (>=1.1.0)"]
yaml = ["PyYAML"]

[[package]]
name = "colorama"
version = "0.4.6"
description = "Cross-platform colored terminal text."
optional = false
python-versions = "!=3.0.*,!=3.1.*,!=3.2.*,!=3.3.*,!=3.4.*,!=3.5.*,!=3.6.*,>=2.7"
files = [
    {file = "colorama-0.4.6-py2.py3-none-any.whl", hash = "sha256:4f1d9991f5acc0ca119f9d443620b77f9d6b33703e51011c16baf57afb285fc6"},
    {file = "colorama-0.4.6.tar.gz", hash = "sha256:08695f5cb7ed6e0531a20572697297273c47b8cae5a63ffc6d6ed5c201be6e44"},
]

[[package]]
name = "darglint"
version = "1.8.1"
description = "A utility for ensuring Google-style docstrings stay up to date with the source code."
optional = false
python-versions = ">=3.6,<4.0"
files = [
    {file = "darglint-1.8.1-py3-none-any.whl", hash = "sha256:5ae11c259c17b0701618a20c3da343a3eb98b3bc4b5a83d31cdd94f5ebdced8d"},
    {file = "darglint-1.8.1.tar.gz", hash = "sha256:080d5106df149b199822e7ee7deb9c012b49891538f14a11be681044f0bb20da"},
]

[[package]]
name = "docformatter"
version = "1.4"
description = "Formats docstrings to follow PEP 257."
optional = false
python-versions = "*"
files = [
    {file = "docformatter-1.4.tar.gz", hash = "sha256:064e6d81f04ac96bc0d176cbaae953a0332482b22d3ad70d47c8a7f2732eef6f"},
]

[package.dependencies]
untokenize = "*"

[[package]]
name = "docutils"
version = "0.20.1"
description = "Docutils -- Python Documentation Utilities"
optional = false
python-versions = ">=3.7"
files = [
    {file = "docutils-0.20.1-py3-none-any.whl", hash = "sha256:96f387a2c5562db4476f09f13bbab2192e764cac08ebbf3a34a95d9b1e4a59d6"},
    {file = "docutils-0.20.1.tar.gz", hash = "sha256:f08a4e276c3a1583a86dce3e34aba3fe04d02bba2dd51ed16106244e8a923e3b"},
]

[[package]]
name = "eradicate"
version = "2.3.0"
description = "Removes commented-out code."
optional = false
python-versions = "*"
files = [
    {file = "eradicate-2.3.0-py3-none-any.whl", hash = "sha256:2b29b3dd27171f209e4ddd8204b70c02f0682ae95eecb353f10e8d72b149c63e"},
    {file = "eradicate-2.3.0.tar.gz", hash = "sha256:06df115be3b87d0fc1c483db22a2ebb12bcf40585722810d809cc770f5031c37"},
]

[[package]]
name = "flake8"
version = "6.1.0"
description = "the modular source code checker: pep8 pyflakes and co"
optional = false
python-versions = ">=3.8.1"
files = [
    {file = "flake8-6.1.0-py2.py3-none-any.whl", hash = "sha256:ffdfce58ea94c6580c77888a86506937f9a1a227dfcd15f245d694ae20a6b6e5"},
    {file = "flake8-6.1.0.tar.gz", hash = "sha256:d5b3857f07c030bdb5bf41c7f53799571d75c4491748a3adcd47de929e34cd23"},
]

[package.dependencies]
mccabe = ">=0.7.0,<0.8.0"
pycodestyle = ">=2.11.0,<2.12.0"
pyflakes = ">=3.1.0,<3.2.0"

[[package]]
name = "flake8-bandit"
version = "4.1.1"
description = "Automated security testing with bandit and flake8."
optional = false
python-versions = ">=3.6"
files = [
    {file = "flake8_bandit-4.1.1-py3-none-any.whl", hash = "sha256:4c8a53eb48f23d4ef1e59293657181a3c989d0077c9952717e98a0eace43e06d"},
    {file = "flake8_bandit-4.1.1.tar.gz", hash = "sha256:068e09287189cbfd7f986e92605adea2067630b75380c6b5733dab7d87f9a84e"},
]

[package.dependencies]
bandit = ">=1.7.3"
flake8 = ">=5.0.0"

[[package]]
name = "flake8-broken-line"
version = "1.0.0"
description = "Flake8 plugin to forbid backslashes for line breaks"
optional = false
python-versions = ">=3.8,<4.0"
files = [
    {file = "flake8_broken_line-1.0.0-py3-none-any.whl", hash = "sha256:96c964336024a5030dc536a9f6fb02aa679e2d2a6b35b80a558b5136c35832a9"},
    {file = "flake8_broken_line-1.0.0.tar.gz", hash = "sha256:e2c6a17f8d9a129e99c1320fce89b33843e2963871025c4c2bb7b8b8d8732a85"},
]

[package.dependencies]
flake8 = ">5"

[[package]]
name = "flake8-bugbear"
version = "23.7.10"
description = "A plugin for flake8 finding likely bugs and design problems in your program. Contains warnings that don't belong in pyflakes and pycodestyle."
optional = false
python-versions = ">=3.8.1"
files = [
    {file = "flake8-bugbear-23.7.10.tar.gz", hash = "sha256:0ebdc7d8ec1ca8bd49347694562381f099f4de2f8ec6bda7a7dca65555d9e0d4"},
    {file = "flake8_bugbear-23.7.10-py3-none-any.whl", hash = "sha256:d99d005114020fbef47ed5e4aebafd22f167f9a0fbd0d8bf3c9e90612cb25c34"},
]

[package.dependencies]
attrs = ">=19.2.0"
flake8 = ">=6.0.0"

[package.extras]
dev = ["coverage", "hypothesis", "hypothesmith (>=0.2)", "pre-commit", "pytest", "tox"]

[[package]]
name = "flake8-commas"
version = "2.1.0"
description = "Flake8 lint for trailing commas."
optional = false
python-versions = "*"
files = [
    {file = "flake8-commas-2.1.0.tar.gz", hash = "sha256:940441ab8ee544df564ae3b3f49f20462d75d5c7cac2463e0b27436e2050f263"},
    {file = "flake8_commas-2.1.0-py2.py3-none-any.whl", hash = "sha256:ebb96c31e01d0ef1d0685a21f3f0e2f8153a0381430e748bf0bbbb5d5b453d54"},
]

[package.dependencies]
flake8 = ">=2"

[[package]]
name = "flake8-comprehensions"
version = "3.14.0"
description = "A flake8 plugin to help you write better list/set/dict comprehensions."
optional = false
python-versions = ">=3.8"
files = [
    {file = "flake8_comprehensions-3.14.0-py3-none-any.whl", hash = "sha256:7b9d07d94aa88e62099a6d1931ddf16c344d4157deedf90fe0d8ee2846f30e97"},
    {file = "flake8_comprehensions-3.14.0.tar.gz", hash = "sha256:81768c61bfc064e1a06222df08a2580d97de10cb388694becaf987c331c6c0cf"},
]

[package.dependencies]
flake8 = ">=3.0,<3.2.0 || >3.2.0"

[[package]]
name = "flake8-debugger"
version = "4.1.2"
description = "ipdb/pdb statement checker plugin for flake8"
optional = false
python-versions = ">=3.7"
files = [
    {file = "flake8-debugger-4.1.2.tar.gz", hash = "sha256:52b002560941e36d9bf806fca2523dc7fb8560a295d5f1a6e15ac2ded7a73840"},
    {file = "flake8_debugger-4.1.2-py3-none-any.whl", hash = "sha256:0a5e55aeddcc81da631ad9c8c366e7318998f83ff00985a49e6b3ecf61e571bf"},
]

[package.dependencies]
flake8 = ">=3.0"
pycodestyle = "*"

[[package]]
name = "flake8-docstrings"
version = "1.7.0"
description = "Extension for flake8 which uses pydocstyle to check docstrings"
optional = false
python-versions = ">=3.7"
files = [
    {file = "flake8_docstrings-1.7.0-py2.py3-none-any.whl", hash = "sha256:51f2344026da083fc084166a9353f5082b01f72901df422f74b4d953ae88ac75"},
    {file = "flake8_docstrings-1.7.0.tar.gz", hash = "sha256:4c8cc748dc16e6869728699e5d0d685da9a10b0ea718e090b1ba088e67a941af"},
]

[package.dependencies]
flake8 = ">=3"
pydocstyle = ">=2.1"

[[package]]
name = "flake8-eradicate"
version = "1.5.0"
description = "Flake8 plugin to find commented out code"
optional = false
python-versions = ">=3.8,<4.0"
files = [
    {file = "flake8_eradicate-1.5.0-py3-none-any.whl", hash = "sha256:18acc922ad7de623f5247c7d5595da068525ec5437dd53b22ec2259b96ce9d22"},
    {file = "flake8_eradicate-1.5.0.tar.gz", hash = "sha256:aee636cb9ecb5594a7cd92d67ad73eb69909e5cc7bd81710cf9d00970f3983a6"},
]

[package.dependencies]
attrs = "*"
eradicate = ">=2.0,<3.0"
flake8 = ">5"

[[package]]
name = "flake8-isort"
version = "6.0.0"
description = "flake8 plugin that integrates isort ."
optional = false
python-versions = ">=3.7"
files = [
    {file = "flake8-isort-6.0.0.tar.gz", hash = "sha256:537f453a660d7e903f602ecfa36136b140de279df58d02eb1b6a0c84e83c528c"},
    {file = "flake8_isort-6.0.0-py3-none-any.whl", hash = "sha256:aa0cac02a62c7739e370ce6b9c31743edac904bae4b157274511fc8a19c75bbc"},
]

[package.dependencies]
flake8 = "*"
isort = ">=5.0.0,<6"

[package.extras]
test = ["pytest"]

[[package]]
name = "flake8-pyproject"
version = "1.2.3"
description = "Flake8 plug-in loading the configuration from pyproject.toml"
optional = false
python-versions = ">= 3.6"
files = [
    {file = "flake8_pyproject-1.2.3-py3-none-any.whl", hash = "sha256:6249fe53545205af5e76837644dc80b4c10037e73a0e5db87ff562d75fb5bd4a"},
]

[package.dependencies]
Flake8 = ">=5"
TOMLi = {version = "*", markers = "python_version < \"3.11\""}

[package.extras]
dev = ["pyTest", "pyTest-cov"]

[[package]]
name = "flake8-quotes"
version = "3.3.2"
description = "Flake8 lint for quotes."
optional = false
python-versions = "*"
files = [
    {file = "flake8-quotes-3.3.2.tar.gz", hash = "sha256:6e26892b632dacba517bf27219c459a8396dcfac0f5e8204904c5a4ba9b480e1"},
]

[package.dependencies]
flake8 = "*"

[[package]]
name = "flake8-rst-docstrings"
version = "0.3.0"
description = "Python docstring reStructuredText (RST) validator for flake8"
optional = false
python-versions = ">=3.7"
files = [
    {file = "flake8-rst-docstrings-0.3.0.tar.gz", hash = "sha256:d1ce22b4bd37b73cd86b8d980e946ef198cfcc18ed82fedb674ceaa2f8d1afa4"},
    {file = "flake8_rst_docstrings-0.3.0-py3-none-any.whl", hash = "sha256:f8c3c6892ff402292651c31983a38da082480ad3ba253743de52989bdc84ca1c"},
]

[package.dependencies]
flake8 = ">=3"
pygments = "*"
restructuredtext-lint = "*"

[package.extras]
develop = ["build", "twine"]

[[package]]
name = "flake8-string-format"
version = "0.3.0"
description = "string format checker, plugin for flake8"
optional = false
python-versions = "*"
files = [
    {file = "flake8-string-format-0.3.0.tar.gz", hash = "sha256:65f3da786a1461ef77fca3780b314edb2853c377f2e35069723348c8917deaa2"},
    {file = "flake8_string_format-0.3.0-py2.py3-none-any.whl", hash = "sha256:812ff431f10576a74c89be4e85b8e075a705be39bc40c4b4278b5b13e2afa9af"},
]

[package.dependencies]
flake8 = "*"

[[package]]
name = "gitdb"
version = "4.0.10"
description = "Git Object Database"
optional = false
python-versions = ">=3.7"
files = [
    {file = "gitdb-4.0.10-py3-none-any.whl", hash = "sha256:c286cf298426064079ed96a9e4a9d39e7f3e9bf15ba60701e95f5492f28415c7"},
    {file = "gitdb-4.0.10.tar.gz", hash = "sha256:6eb990b69df4e15bad899ea868dc46572c3f75339735663b81de79b06f17eb9a"},
]

[package.dependencies]
smmap = ">=3.0.1,<6"

[[package]]
name = "gitpython"
version = "3.1.32"
description = "GitPython is a Python library used to interact with Git repositories"
optional = false
python-versions = ">=3.7"
files = [
    {file = "GitPython-3.1.32-py3-none-any.whl", hash = "sha256:e3d59b1c2c6ebb9dfa7a184daf3b6dd4914237e7488a1730a6d8f6f5d0b4187f"},
    {file = "GitPython-3.1.32.tar.gz", hash = "sha256:8d9b8cb1e80b9735e8717c9362079d3ce4c6e5ddeebedd0361b228c3a67a62f6"},
]

[package.dependencies]
gitdb = ">=4.0.1,<5"

[[package]]
name = "isort"
version = "5.12.0"
description = "A Python utility / library to sort Python imports."
optional = false
python-versions = ">=3.8.0"
files = [
    {file = "isort-5.12.0-py3-none-any.whl", hash = "sha256:f84c2818376e66cf843d497486ea8fed8700b340f308f076c6fb1229dff318b6"},
    {file = "isort-5.12.0.tar.gz", hash = "sha256:8bef7dde241278824a6d83f44a544709b065191b95b6e50894bdc722fcba0504"},
]

[package.extras]
colors = ["colorama (>=0.4.3)"]
pipfile-deprecated-finder = ["pip-shims (>=0.5.2)", "pipreqs", "requirementslib"]
plugins = ["setuptools"]
requirements-deprecated-finder = ["pip-api", "pipreqs"]

[[package]]
name = "markdown-it-py"
version = "3.0.0"
description = "Python port of markdown-it. Markdown parsing, done right!"
optional = false
python-versions = ">=3.8"
files = [
    {file = "markdown-it-py-3.0.0.tar.gz", hash = "sha256:e3f60a94fa066dc52ec76661e37c851cb232d92f9886b15cb560aaada2df8feb"},
    {file = "markdown_it_py-3.0.0-py3-none-any.whl", hash = "sha256:355216845c60bd96232cd8d8c40e8f9765cc86f46880e43a8fd22dc1a1a8cab1"},
]

[package.dependencies]
mdurl = ">=0.1,<1.0"

[package.extras]
benchmarking = ["psutil", "pytest", "pytest-benchmark"]
code-style = ["pre-commit (>=3.0,<4.0)"]
compare = ["commonmark (>=0.9,<1.0)", "markdown (>=3.4,<4.0)", "mistletoe (>=1.0,<2.0)", "mistune (>=2.0,<3.0)", "panflute (>=2.3,<3.0)"]
linkify = ["linkify-it-py (>=1,<3)"]
plugins = ["mdit-py-plugins"]
profiling = ["gprof2dot"]
rtd = ["jupyter_sphinx", "mdit-py-plugins", "myst-parser", "pyyaml", "sphinx", "sphinx-copybutton", "sphinx-design", "sphinx_book_theme"]
testing = ["coverage", "pytest", "pytest-cov", "pytest-regressions"]

[[package]]
name = "mccabe"
version = "0.7.0"
description = "McCabe checker, plugin for flake8"
optional = false
python-versions = ">=3.6"
files = [
    {file = "mccabe-0.7.0-py2.py3-none-any.whl", hash = "sha256:6c2d30ab6be0e4a46919781807b4f0d834ebdd6c6e3dca0bda5a15f863427b6e"},
    {file = "mccabe-0.7.0.tar.gz", hash = "sha256:348e0240c33b60bbdf4e523192ef919f28cb2c3d7d5c7794f74009290f236325"},
]

[[package]]
name = "mdurl"
version = "0.1.2"
description = "Markdown URL utilities"
optional = false
python-versions = ">=3.7"
files = [
    {file = "mdurl-0.1.2-py3-none-any.whl", hash = "sha256:84008a41e51615a49fc9966191ff91509e3c40b939176e643fd50a5c2196b8f8"},
    {file = "mdurl-0.1.2.tar.gz", hash = "sha256:bb413d29f5eea38f31dd4754dd7377d4465116fb207585f97bf925588687c1ba"},
]

[[package]]
name = "numpy"
version = "1.25.2"
description = "Fundamental package for array computing in Python"
optional = false
python-versions = ">=3.9"
files = [
    {file = "numpy-1.25.2-cp310-cp310-macosx_10_9_x86_64.whl", hash = "sha256:db3ccc4e37a6873045580d413fe79b68e47a681af8db2e046f1dacfa11f86eb3"},
    {file = "numpy-1.25.2-cp310-cp310-macosx_11_0_arm64.whl", hash = "sha256:90319e4f002795ccfc9050110bbbaa16c944b1c37c0baeea43c5fb881693ae1f"},
    {file = "numpy-1.25.2-cp310-cp310-manylinux_2_17_aarch64.manylinux2014_aarch64.whl", hash = "sha256:dfe4a913e29b418d096e696ddd422d8a5d13ffba4ea91f9f60440a3b759b0187"},
    {file = "numpy-1.25.2-cp310-cp310-manylinux_2_17_x86_64.manylinux2014_x86_64.whl", hash = "sha256:f08f2e037bba04e707eebf4bc934f1972a315c883a9e0ebfa8a7756eabf9e357"},
    {file = "numpy-1.25.2-cp310-cp310-musllinux_1_1_x86_64.whl", hash = "sha256:bec1e7213c7cb00d67093247f8c4db156fd03075f49876957dca4711306d39c9"},
    {file = "numpy-1.25.2-cp310-cp310-win32.whl", hash = "sha256:7dc869c0c75988e1c693d0e2d5b26034644399dd929bc049db55395b1379e044"},
    {file = "numpy-1.25.2-cp310-cp310-win_amd64.whl", hash = "sha256:834b386f2b8210dca38c71a6e0f4fd6922f7d3fcff935dbe3a570945acb1b545"},
    {file = "numpy-1.25.2-cp311-cp311-macosx_10_9_x86_64.whl", hash = "sha256:c5462d19336db4560041517dbb7759c21d181a67cb01b36ca109b2ae37d32418"},
    {file = "numpy-1.25.2-cp311-cp311-macosx_11_0_arm64.whl", hash = "sha256:c5652ea24d33585ea39eb6a6a15dac87a1206a692719ff45d53c5282e66d4a8f"},
    {file = "numpy-1.25.2-cp311-cp311-manylinux_2_17_aarch64.manylinux2014_aarch64.whl", hash = "sha256:0d60fbae8e0019865fc4784745814cff1c421df5afee233db6d88ab4f14655a2"},
    {file = "numpy-1.25.2-cp311-cp311-manylinux_2_17_x86_64.manylinux2014_x86_64.whl", hash = "sha256:60e7f0f7f6d0eee8364b9a6304c2845b9c491ac706048c7e8cf47b83123b8dbf"},
    {file = "numpy-1.25.2-cp311-cp311-musllinux_1_1_x86_64.whl", hash = "sha256:bb33d5a1cf360304754913a350edda36d5b8c5331a8237268c48f91253c3a364"},
    {file = "numpy-1.25.2-cp311-cp311-win32.whl", hash = "sha256:5883c06bb92f2e6c8181df7b39971a5fb436288db58b5a1c3967702d4278691d"},
    {file = "numpy-1.25.2-cp311-cp311-win_amd64.whl", hash = "sha256:5c97325a0ba6f9d041feb9390924614b60b99209a71a69c876f71052521d42a4"},
    {file = "numpy-1.25.2-cp39-cp39-macosx_10_9_x86_64.whl", hash = "sha256:b79e513d7aac42ae918db3ad1341a015488530d0bb2a6abcbdd10a3a829ccfd3"},
    {file = "numpy-1.25.2-cp39-cp39-macosx_11_0_arm64.whl", hash = "sha256:eb942bfb6f84df5ce05dbf4b46673ffed0d3da59f13635ea9b926af3deb76926"},
    {file = "numpy-1.25.2-cp39-cp39-manylinux_2_17_aarch64.manylinux2014_aarch64.whl", hash = "sha256:3e0746410e73384e70d286f93abf2520035250aad8c5714240b0492a7302fdca"},
    {file = "numpy-1.25.2-cp39-cp39-manylinux_2_17_x86_64.manylinux2014_x86_64.whl", hash = "sha256:d7806500e4f5bdd04095e849265e55de20d8cc4b661b038957354327f6d9b295"},
    {file = "numpy-1.25.2-cp39-cp39-musllinux_1_1_x86_64.whl", hash = "sha256:8b77775f4b7df768967a7c8b3567e309f617dd5e99aeb886fa14dc1a0791141f"},
    {file = "numpy-1.25.2-cp39-cp39-win32.whl", hash = "sha256:2792d23d62ec51e50ce4d4b7d73de8f67a2fd3ea710dcbc8563a51a03fb07b01"},
    {file = "numpy-1.25.2-cp39-cp39-win_amd64.whl", hash = "sha256:76b4115d42a7dfc5d485d358728cdd8719be33cc5ec6ec08632a5d6fca2ed380"},
    {file = "numpy-1.25.2-pp39-pypy39_pp73-macosx_10_9_x86_64.whl", hash = "sha256:1a1329e26f46230bf77b02cc19e900db9b52f398d6722ca853349a782d4cff55"},
    {file = "numpy-1.25.2-pp39-pypy39_pp73-manylinux_2_17_x86_64.manylinux2014_x86_64.whl", hash = "sha256:4c3abc71e8b6edba80a01a52e66d83c5d14433cbcd26a40c329ec7ed09f37901"},
    {file = "numpy-1.25.2-pp39-pypy39_pp73-win_amd64.whl", hash = "sha256:1b9735c27cea5d995496f46a8b1cd7b408b3f34b6d50459d9ac8fe3a20cc17bf"},
    {file = "numpy-1.25.2.tar.gz", hash = "sha256:fd608e19c8d7c55021dffd43bfe5492fab8cc105cc8986f813f8c3c048b38760"},
]

[[package]]
name = "pbr"
version = "5.11.1"
description = "Python Build Reasonableness"
optional = false
python-versions = ">=2.6"
files = [
    {file = "pbr-5.11.1-py2.py3-none-any.whl", hash = "sha256:567f09558bae2b3ab53cb3c1e2e33e726ff3338e7bae3db5dc954b3a44eef12b"},
    {file = "pbr-5.11.1.tar.gz", hash = "sha256:aefc51675b0b533d56bb5fd1c8c6c0522fe31896679882e1c4c63d5e4a0fccb3"},
]

[[package]]
name = "pep8-naming"
version = "0.13.3"
description = "Check PEP-8 naming conventions, plugin for flake8"
optional = false
python-versions = ">=3.7"
files = [
    {file = "pep8-naming-0.13.3.tar.gz", hash = "sha256:1705f046dfcd851378aac3be1cd1551c7c1e5ff363bacad707d43007877fa971"},
    {file = "pep8_naming-0.13.3-py3-none-any.whl", hash = "sha256:1a86b8c71a03337c97181917e2b472f0f5e4ccb06844a0d6f0a33522549e7a80"},
]

[package.dependencies]
flake8 = ">=5.0.0"

[[package]]
name = "pycodestyle"
version = "2.11.0"
description = "Python style guide checker"
optional = false
python-versions = ">=3.8"
files = [
    {file = "pycodestyle-2.11.0-py2.py3-none-any.whl", hash = "sha256:5d1013ba8dc7895b548be5afb05740ca82454fd899971563d2ef625d090326f8"},
    {file = "pycodestyle-2.11.0.tar.gz", hash = "sha256:259bcc17857d8a8b3b4a2327324b79e5f020a13c16074670f9c8c8f872ea76d0"},
]

[[package]]
name = "pydocstyle"
version = "6.3.0"
description = "Python docstring style checker"
optional = false
python-versions = ">=3.6"
files = [
    {file = "pydocstyle-6.3.0-py3-none-any.whl", hash = "sha256:118762d452a49d6b05e194ef344a55822987a462831ade91ec5c06fd2169d019"},
    {file = "pydocstyle-6.3.0.tar.gz", hash = "sha256:7ce43f0c0ac87b07494eb9c0b462c0b73e6ff276807f204d6b53edc72b7e44e1"},
]

[package.dependencies]
snowballstemmer = ">=2.2.0"

[package.extras]
toml = ["tomli (>=1.2.3)"]

[[package]]
name = "pyflakes"
version = "3.1.0"
description = "passive checker of Python programs"
optional = false
python-versions = ">=3.8"
files = [
    {file = "pyflakes-3.1.0-py2.py3-none-any.whl", hash = "sha256:4132f6d49cb4dae6819e5379898f2b8cce3c5f23994194c24b77d5da2e36f774"},
    {file = "pyflakes-3.1.0.tar.gz", hash = "sha256:a0aae034c444db0071aa077972ba4768d40c830d9539fd45bf4cd3f8f6992efc"},
]

[[package]]
name = "pyformat"
version = "0.7"
description = "Formats Python code to follow a consistent style."
optional = false
python-versions = "*"
files = [
    {file = "pyformat-0.7.tar.gz", hash = "sha256:eb7b0e93f768c6f92e2cb06307deaa3a5141c7c61cd472b1a7918e30d09df20f"},
]

[package.dependencies]
autoflake = ">=0.6.6"
autopep8 = ">=1.2.2"
docformatter = ">=0.7"
unify = ">=0.2"

[[package]]
name = "pygments"
version = "2.16.1"
description = "Pygments is a syntax highlighting package written in Python."
optional = false
python-versions = ">=3.7"
files = [
    {file = "Pygments-2.16.1-py3-none-any.whl", hash = "sha256:13fc09fa63bc8d8671a6d247e1eb303c4b343eaee81d861f3404db2935653692"},
    {file = "Pygments-2.16.1.tar.gz", hash = "sha256:1daff0494820c69bc8941e407aa20f577374ee88364ee10a98fdbe0aece96e29"},
]

[package.extras]
plugins = ["importlib-metadata"]

[[package]]
name = "pyqt6"
version = "6.5.2"
description = "Python bindings for the Qt cross platform application toolkit"
optional = false
python-versions = ">=3.6.1"
files = [
    {file = "PyQt6-6.5.2-cp37-abi3-macosx_10_14_universal2.whl", hash = "sha256:5bad1437eb0c1ae801103b32ef04ef62ef1cce505b448525f60089ce36329b89"},
    {file = "PyQt6-6.5.2-cp37-abi3-manylinux_2_28_x86_64.whl", hash = "sha256:70468cca4537756c714a57fa1baa5beabb9b38775f52f9611f49870705672c55"},
    {file = "PyQt6-6.5.2-cp37-abi3-win_amd64.whl", hash = "sha256:ff1d12767b578f0f0e87cdb12198e7dcad9a176c40d1d1d799984181b0af93cb"},
    {file = "PyQt6-6.5.2.tar.gz", hash = "sha256:1487ee7350f9ffb66d60ab4176519252c2b371762cbe8f8340fd951f63801280"},
]

[package.dependencies]
PyQt6-Qt6 = ">=6.5.0"
PyQt6-sip = ">=13.4,<14"

[[package]]
name = "pyqt6-qt6"
version = "6.5.2"
description = "The subset of a Qt installation needed by PyQt6."
optional = false
python-versions = "*"
files = [
    {file = "PyQt6_Qt6-6.5.2-py3-none-macosx_10_14_x86_64.whl", hash = "sha256:4b37f6f93c0980469ccc570998d3e3de243028bae7389fb6330443ab215ce2f6"},
    {file = "PyQt6_Qt6-6.5.2-py3-none-macosx_11_0_arm64.whl", hash = "sha256:8dad61b4666d91882d7e1c4d619c71e7429c13e19182f8b3bebf3ecf95107d4c"},
    {file = "PyQt6_Qt6-6.5.2-py3-none-manylinux_2_28_x86_64.whl", hash = "sha256:953f3c0e99e486081a6d438b32fbc240da97457226562eb68cf1b11c516386fd"},
    {file = "PyQt6_Qt6-6.5.2-py3-none-win_amd64.whl", hash = "sha256:5a3c7bb899678bf801136b31cd589ed4d0d54ab32be5fb76c2bdeb161a9662ad"},
]

[[package]]
name = "pyqt6-sip"
version = "13.5.2"
description = "The sip module support for PyQt6"
optional = false
python-versions = ">=3.7"
files = [
    {file = "PyQt6_sip-13.5.2-cp310-cp310-macosx_10_9_universal2.whl", hash = "sha256:c0b4e55c4d0dc44728da90eb1451dfff0d05260b4a3496ff0014494e6c1865a6"},
    {file = "PyQt6_sip-13.5.2-cp310-cp310-manylinux_2_5_x86_64.manylinux1_x86_64.whl", hash = "sha256:9ad5b8c4c92d62e00ebf254a4c9656668b130f2a1d2792034e0d82b2d6571509"},
    {file = "PyQt6_sip-13.5.2-cp310-cp310-win_amd64.whl", hash = "sha256:5d0fd42da765198b51d7fe12c29721cbe3e14b77ca4f68aa43618149ee7dbeff"},
    {file = "PyQt6_sip-13.5.2-cp311-cp311-macosx_10_9_universal2.whl", hash = "sha256:4b5b0c4b557e0293eba008021342459a0f91c69a7a2eb5231276d495d1d2960a"},
    {file = "PyQt6_sip-13.5.2-cp311-cp311-manylinux_2_5_x86_64.manylinux1_x86_64.whl", hash = "sha256:831f5d606fc5296a80303ab30892c3308954c5766039bf7a96267488bb2524a5"},
    {file = "PyQt6_sip-13.5.2-cp311-cp311-win_amd64.whl", hash = "sha256:91812f0094443b816a74a89954d60bb50060807f54d7c016a4de7bd29454091e"},
    {file = "PyQt6_sip-13.5.2-cp37-cp37m-macosx_10_9_x86_64.whl", hash = "sha256:94afb031db89159aa330891eba2c937b0378b4b264570998848c7a78eddf7c94"},
    {file = "PyQt6_sip-13.5.2-cp37-cp37m-manylinux_2_5_x86_64.manylinux1_x86_64.whl", hash = "sha256:ace942b78378bff8ae2d6bafccc84465f1ff0cf30720b8321e0bd6c95c36ede6"},
    {file = "PyQt6_sip-13.5.2-cp37-cp37m-win_amd64.whl", hash = "sha256:318d4d1c7ef60f69c68227cef78fc439accc9028ec6149200eea3d34c433d373"},
    {file = "PyQt6_sip-13.5.2-cp38-cp38-macosx_10_9_x86_64.whl", hash = "sha256:87d758ba999baa16459f0a3c7f7ed47a5b45e8991ad691f17345bf3c493a4281"},
    {file = "PyQt6_sip-13.5.2-cp38-cp38-manylinux_2_5_x86_64.manylinux1_x86_64.whl", hash = "sha256:5b499eff7150d9f31fe835a73cc41f076bba2fcde0f5b0325b1284797f17c0ac"},
    {file = "PyQt6_sip-13.5.2-cp38-cp38-win_amd64.whl", hash = "sha256:1bdb1f7b5b2f6ac31d517a6f3a13c38055640ac0014f67a2e5422d2083ce69ec"},
    {file = "PyQt6_sip-13.5.2-cp39-cp39-macosx_10_9_universal2.whl", hash = "sha256:9c9dac067710015895f523f5a2a4d59cbef8624a152b6f9a426e5b848d8c6d29"},
    {file = "PyQt6_sip-13.5.2-cp39-cp39-manylinux_2_5_x86_64.manylinux1_x86_64.whl", hash = "sha256:dcf602c233ee7600e810927adcb9e518d61bc796a6b2013c17feedd24c4e5413"},
    {file = "PyQt6_sip-13.5.2-cp39-cp39-win_amd64.whl", hash = "sha256:b54b0d8d21c5835af8f6d6d8a323a23106e67b7cd4c31e23c35bb4c321000de8"},
    {file = "PyQt6_sip-13.5.2.tar.gz", hash = "sha256:ebf6264b6feda01ba37d3b60a4bb87493bdb87be70f7b2a5384a7acd4902d88d"},
]

[[package]]
name = "pyqtgraph"
version = "0.13.3"
description = "Scientific Graphics and GUI Library for Python"
optional = false
python-versions = ">=3.8"
files = [
    {file = "pyqtgraph-0.13.3-py3-none-any.whl", hash = "sha256:fdcc04ac4b32a7bedf1bf3cf74cbb93ab3ba5687791712bbfa8d0712377d2f2b"},
    {file = "pyqtgraph-0.13.3.tar.gz", hash = "sha256:58108d8411c7054e0841d8b791ee85e101fc296b9b359c0e01dde38a98ff2ace"},
]

[package.dependencies]
numpy = ">=1.20.0"

[[package]]
name = "pyside6"
version = "6.5.2"
description = "Python bindings for the Qt cross-platform application and UI framework"
optional = false
python-versions = "<3.12,>=3.7"
files = [
    {file = "PySide6-6.5.2-cp37-abi3-macosx_10_9_universal2.whl", hash = "sha256:b509e4d3ffde4a594d70000f881452643c9aaed800bad2959882075c01f72428"},
    {file = "PySide6-6.5.2-cp37-abi3-manylinux_2_28_x86_64.whl", hash = "sha256:e6d879ca0f8827a7866856fbedd08857e4bd8f9a858dc998dea10d1913e97938"},
    {file = "PySide6-6.5.2-cp37-abi3-win_amd64.whl", hash = "sha256:0356dc73c138c25b980d716e425801a61d4aa1d9f7811cf8a825499edfd4d1ae"},
    {file = "PySide6-6.5.2-pp39-pypy39_pp73-macosx_10_9_universal2.whl", hash = "sha256:f0944cb0da34dc3b0bb62c7a20b6618667760eccdaa4262a90ba7f64b19fb783"},
    {file = "PySide6-6.5.2-pp39-pypy39_pp73-manylinux_2_28_x86_64.whl", hash = "sha256:ca259b4377eb74e4c9cb74a2afb18c37658f0c83dc18229d1f325974739f6df2"},
    {file = "PySide6-6.5.2-pp39-pypy39_pp73-win_amd64.whl", hash = "sha256:ad82cb12f805c5bec7693d6f1c0d6e4ae4b9462eb368a81bc0d3091de8fae76e"},
]

[package.dependencies]
PySide6-Addons = "6.5.2"
PySide6-Essentials = "6.5.2"
shiboken6 = "6.5.2"

[[package]]
name = "pyside6-addons"
version = "6.5.2"
description = "Python bindings for the Qt cross-platform application and UI framework (Addons)"
optional = false
python-versions = "<3.12,>=3.7"
files = [
    {file = "PySide6_Addons-6.5.2-cp37-abi3-macosx_10_9_universal2.whl", hash = "sha256:a31cb7eca2e8cd80332e131124ed9ad197610a2a80eac4f2bd58e9124e38060a"},
    {file = "PySide6_Addons-6.5.2-cp37-abi3-manylinux_2_28_x86_64.whl", hash = "sha256:bea98d823179b814109dcf3ac6c8a0eddf886570aa9ef8ef09b6bae37bc227ca"},
    {file = "PySide6_Addons-6.5.2-cp37-abi3-win_amd64.whl", hash = "sha256:c77e06fd511cc8b9292c01724504d6806c33c1f5904bc59f5a8c560a74c15438"},
    {file = "PySide6_Addons-6.5.2-pp39-pypy39_pp73-macosx_10_9_universal2.whl", hash = "sha256:15bf592e54b3409853c3db23bdb20fb14725b84d50feee862e8b2a3a8a3a0627"},
    {file = "PySide6_Addons-6.5.2-pp39-pypy39_pp73-manylinux_2_28_x86_64.whl", hash = "sha256:26b55a658fed94a0b3c09927b408663860aca530bf6e83040dcb8fdcc221877d"},
    {file = "PySide6_Addons-6.5.2-pp39-pypy39_pp73-win_amd64.whl", hash = "sha256:793a53b7db32f7780fa9571a14f0bce3700604247127cdb2125b380c577a92eb"},
]

[package.dependencies]
PySide6-Essentials = "6.5.2"
shiboken6 = "6.5.2"

[[package]]
name = "pyside6-essentials"
version = "6.5.2"
description = "Python bindings for the Qt cross-platform application and UI framework (Essentials)"
optional = false
python-versions = "<3.12,>=3.7"
files = [
    {file = "PySide6_Essentials-6.5.2-cp37-abi3-macosx_10_9_universal2.whl", hash = "sha256:c9606de7afaee57f2c0861cc4b973bd630556dd38ec0d1542560cba81c27ab81"},
    {file = "PySide6_Essentials-6.5.2-cp37-abi3-manylinux_2_28_x86_64.whl", hash = "sha256:1620e82b38714a1570b142c01694d0415a25526517b24620ff9b00c9f76cfca9"},
    {file = "PySide6_Essentials-6.5.2-cp37-abi3-win_amd64.whl", hash = "sha256:e67b10f96f0ac5ed24d7e3c4985d37c70550a9dee6f38b127faf5e5341151665"},
    {file = "PySide6_Essentials-6.5.2-pp39-pypy39_pp73-macosx_10_9_universal2.whl", hash = "sha256:149f1db77d82f35c6a88a403f5297645ebe737df28e163ac4dc402dfa0b961ee"},
    {file = "PySide6_Essentials-6.5.2-pp39-pypy39_pp73-manylinux_2_28_x86_64.whl", hash = "sha256:4be6ed964cb863823f2788717b9a6ba8f1d94eb3fa2bf1584f4621ab5e021e27"},
    {file = "PySide6_Essentials-6.5.2-pp39-pypy39_pp73-win_amd64.whl", hash = "sha256:6b21cf78b33554f793d409d79b828d9578d34200c86f813ef1b8dac756589b71"},
]

[package.dependencies]
shiboken6 = "6.5.2"

[[package]]
name = "pyyaml"
version = "6.0.1"
description = "YAML parser and emitter for Python"
optional = false
python-versions = ">=3.6"
files = [
    {file = "PyYAML-6.0.1-cp310-cp310-macosx_10_9_x86_64.whl", hash = "sha256:d858aa552c999bc8a8d57426ed01e40bef403cd8ccdd0fc5f6f04a00414cac2a"},
    {file = "PyYAML-6.0.1-cp310-cp310-macosx_11_0_arm64.whl", hash = "sha256:fd66fc5d0da6d9815ba2cebeb4205f95818ff4b79c3ebe268e75d961704af52f"},
    {file = "PyYAML-6.0.1-cp310-cp310-manylinux_2_17_aarch64.manylinux2014_aarch64.whl", hash = "sha256:69b023b2b4daa7548bcfbd4aa3da05b3a74b772db9e23b982788168117739938"},
    {file = "PyYAML-6.0.1-cp310-cp310-manylinux_2_17_s390x.manylinux2014_s390x.whl", hash = "sha256:81e0b275a9ecc9c0c0c07b4b90ba548307583c125f54d5b6946cfee6360c733d"},
    {file = "PyYAML-6.0.1-cp310-cp310-manylinux_2_17_x86_64.manylinux2014_x86_64.whl", hash = "sha256:ba336e390cd8e4d1739f42dfe9bb83a3cc2e80f567d8805e11b46f4a943f5515"},
    {file = "PyYAML-6.0.1-cp310-cp310-win32.whl", hash = "sha256:bd4af7373a854424dabd882decdc5579653d7868b8fb26dc7d0e99f823aa5924"},
    {file = "PyYAML-6.0.1-cp310-cp310-win_amd64.whl", hash = "sha256:fd1592b3fdf65fff2ad0004b5e363300ef59ced41c2e6b3a99d4089fa8c5435d"},
    {file = "PyYAML-6.0.1-cp311-cp311-macosx_10_9_x86_64.whl", hash = "sha256:6965a7bc3cf88e5a1c3bd2e0b5c22f8d677dc88a455344035f03399034eb3007"},
    {file = "PyYAML-6.0.1-cp311-cp311-macosx_11_0_arm64.whl", hash = "sha256:f003ed9ad21d6a4713f0a9b5a7a0a79e08dd0f221aff4525a2be4c346ee60aab"},
    {file = "PyYAML-6.0.1-cp311-cp311-manylinux_2_17_aarch64.manylinux2014_aarch64.whl", hash = "sha256:42f8152b8dbc4fe7d96729ec2b99c7097d656dc1213a3229ca5383f973a5ed6d"},
    {file = "PyYAML-6.0.1-cp311-cp311-manylinux_2_17_s390x.manylinux2014_s390x.whl", hash = "sha256:062582fca9fabdd2c8b54a3ef1c978d786e0f6b3a1510e0ac93ef59e0ddae2bc"},
    {file = "PyYAML-6.0.1-cp311-cp311-manylinux_2_17_x86_64.manylinux2014_x86_64.whl", hash = "sha256:d2b04aac4d386b172d5b9692e2d2da8de7bfb6c387fa4f801fbf6fb2e6ba4673"},
    {file = "PyYAML-6.0.1-cp311-cp311-win32.whl", hash = "sha256:1635fd110e8d85d55237ab316b5b011de701ea0f29d07611174a1b42f1444741"},
    {file = "PyYAML-6.0.1-cp311-cp311-win_amd64.whl", hash = "sha256:bf07ee2fef7014951eeb99f56f39c9bb4af143d8aa3c21b1677805985307da34"},
    {file = "PyYAML-6.0.1-cp36-cp36m-macosx_10_9_x86_64.whl", hash = "sha256:50550eb667afee136e9a77d6dc71ae76a44df8b3e51e41b77f6de2932bfe0f47"},
    {file = "PyYAML-6.0.1-cp36-cp36m-manylinux_2_17_aarch64.manylinux2014_aarch64.whl", hash = "sha256:1fe35611261b29bd1de0070f0b2f47cb6ff71fa6595c077e42bd0c419fa27b98"},
    {file = "PyYAML-6.0.1-cp36-cp36m-manylinux_2_17_s390x.manylinux2014_s390x.whl", hash = "sha256:704219a11b772aea0d8ecd7058d0082713c3562b4e271b849ad7dc4a5c90c13c"},
    {file = "PyYAML-6.0.1-cp36-cp36m-manylinux_2_17_x86_64.manylinux2014_x86_64.whl", hash = "sha256:afd7e57eddb1a54f0f1a974bc4391af8bcce0b444685d936840f125cf046d5bd"},
    {file = "PyYAML-6.0.1-cp36-cp36m-win32.whl", hash = "sha256:fca0e3a251908a499833aa292323f32437106001d436eca0e6e7833256674585"},
    {file = "PyYAML-6.0.1-cp36-cp36m-win_amd64.whl", hash = "sha256:f22ac1c3cac4dbc50079e965eba2c1058622631e526bd9afd45fedd49ba781fa"},
    {file = "PyYAML-6.0.1-cp37-cp37m-macosx_10_9_x86_64.whl", hash = "sha256:b1275ad35a5d18c62a7220633c913e1b42d44b46ee12554e5fd39c70a243d6a3"},
    {file = "PyYAML-6.0.1-cp37-cp37m-manylinux_2_17_aarch64.manylinux2014_aarch64.whl", hash = "sha256:18aeb1bf9a78867dc38b259769503436b7c72f7a1f1f4c93ff9a17de54319b27"},
    {file = "PyYAML-6.0.1-cp37-cp37m-manylinux_2_17_s390x.manylinux2014_s390x.whl", hash = "sha256:596106435fa6ad000c2991a98fa58eeb8656ef2325d7e158344fb33864ed87e3"},
    {file = "PyYAML-6.0.1-cp37-cp37m-manylinux_2_17_x86_64.manylinux2014_x86_64.whl", hash = "sha256:baa90d3f661d43131ca170712d903e6295d1f7a0f595074f151c0aed377c9b9c"},
    {file = "PyYAML-6.0.1-cp37-cp37m-win32.whl", hash = "sha256:9046c58c4395dff28dd494285c82ba00b546adfc7ef001486fbf0324bc174fba"},
    {file = "PyYAML-6.0.1-cp37-cp37m-win_amd64.whl", hash = "sha256:4fb147e7a67ef577a588a0e2c17b6db51dda102c71de36f8549b6816a96e1867"},
    {file = "PyYAML-6.0.1-cp38-cp38-macosx_10_9_x86_64.whl", hash = "sha256:1d4c7e777c441b20e32f52bd377e0c409713e8bb1386e1099c2415f26e479595"},
    {file = "PyYAML-6.0.1-cp38-cp38-manylinux_2_17_aarch64.manylinux2014_aarch64.whl", hash = "sha256:a0cd17c15d3bb3fa06978b4e8958dcdc6e0174ccea823003a106c7d4d7899ac5"},
    {file = "PyYAML-6.0.1-cp38-cp38-manylinux_2_17_s390x.manylinux2014_s390x.whl", hash = "sha256:28c119d996beec18c05208a8bd78cbe4007878c6dd15091efb73a30e90539696"},
    {file = "PyYAML-6.0.1-cp38-cp38-manylinux_2_17_x86_64.manylinux2014_x86_64.whl", hash = "sha256:7e07cbde391ba96ab58e532ff4803f79c4129397514e1413a7dc761ccd755735"},
    {file = "PyYAML-6.0.1-cp38-cp38-win32.whl", hash = "sha256:184c5108a2aca3c5b3d3bf9395d50893a7ab82a38004c8f61c258d4428e80206"},
    {file = "PyYAML-6.0.1-cp38-cp38-win_amd64.whl", hash = "sha256:1e2722cc9fbb45d9b87631ac70924c11d3a401b2d7f410cc0e3bbf249f2dca62"},
    {file = "PyYAML-6.0.1-cp39-cp39-macosx_10_9_x86_64.whl", hash = "sha256:9eb6caa9a297fc2c2fb8862bc5370d0303ddba53ba97e71f08023b6cd73d16a8"},
    {file = "PyYAML-6.0.1-cp39-cp39-macosx_11_0_arm64.whl", hash = "sha256:c8098ddcc2a85b61647b2590f825f3db38891662cfc2fc776415143f599bb859"},
    {file = "PyYAML-6.0.1-cp39-cp39-manylinux_2_17_aarch64.manylinux2014_aarch64.whl", hash = "sha256:5773183b6446b2c99bb77e77595dd486303b4faab2b086e7b17bc6bef28865f6"},
    {file = "PyYAML-6.0.1-cp39-cp39-manylinux_2_17_s390x.manylinux2014_s390x.whl", hash = "sha256:b786eecbdf8499b9ca1d697215862083bd6d2a99965554781d0d8d1ad31e13a0"},
    {file = "PyYAML-6.0.1-cp39-cp39-manylinux_2_17_x86_64.manylinux2014_x86_64.whl", hash = "sha256:bc1bf2925a1ecd43da378f4db9e4f799775d6367bdb94671027b73b393a7c42c"},
    {file = "PyYAML-6.0.1-cp39-cp39-win32.whl", hash = "sha256:faca3bdcf85b2fc05d06ff3fbc1f83e1391b3e724afa3feba7d13eeab355484c"},
    {file = "PyYAML-6.0.1-cp39-cp39-win_amd64.whl", hash = "sha256:510c9deebc5c0225e8c96813043e62b680ba2f9c50a08d3724c7f28a747d1486"},
    {file = "PyYAML-6.0.1.tar.gz", hash = "sha256:bfdf460b1736c775f2ba9f6a92bca30bc2095067b8a9d77876d1fad6cc3b4a43"},
]

[[package]]
name = "restructuredtext-lint"
version = "1.4.0"
description = "reStructuredText linter"
optional = false
python-versions = "*"
files = [
    {file = "restructuredtext_lint-1.4.0.tar.gz", hash = "sha256:1b235c0c922341ab6c530390892eb9e92f90b9b75046063e047cacfb0f050c45"},
]

[package.dependencies]
docutils = ">=0.11,<1.0"

[[package]]
name = "rich"
version = "13.5.2"
description = "Render rich text, tables, progress bars, syntax highlighting, markdown and more to the terminal"
optional = false
python-versions = ">=3.7.0"
files = [
    {file = "rich-13.5.2-py3-none-any.whl", hash = "sha256:146a90b3b6b47cac4a73c12866a499e9817426423f57c5a66949c086191a8808"},
    {file = "rich-13.5.2.tar.gz", hash = "sha256:fb9d6c0a0f643c99eed3875b5377a184132ba9be4d61516a55273d3554d75a39"},
]

[package.dependencies]
markdown-it-py = ">=2.2.0"
pygments = ">=2.13.0,<3.0.0"

[package.extras]
jupyter = ["ipywidgets (>=7.5.1,<9)"]

[[package]]
name = "setuptools"
version = "68.1.2"
description = "Easily download, build, install, upgrade, and uninstall Python packages"
optional = false
python-versions = ">=3.8"
files = [
    {file = "setuptools-68.1.2-py3-none-any.whl", hash = "sha256:3d8083eed2d13afc9426f227b24fd1659489ec107c0e86cec2ffdde5c92e790b"},
    {file = "setuptools-68.1.2.tar.gz", hash = "sha256:3d4dfa6d95f1b101d695a6160a7626e15583af71a5f52176efa5d39a054d475d"},
]

[package.extras]
docs = ["furo", "jaraco.packaging (>=9.3)", "jaraco.tidelift (>=1.4)", "pygments-github-lexers (==0.0.5)", "rst.linker (>=1.9)", "sphinx (>=3.5,<=7.1.2)", "sphinx-favicon", "sphinx-hoverxref (<2)", "sphinx-inline-tabs", "sphinx-lint", "sphinx-notfound-page (==0.8.3)", "sphinx-reredirects", "sphinxcontrib-towncrier"]
testing = ["build[virtualenv]", "filelock (>=3.4.0)", "flake8-2020", "ini2toml[lite] (>=0.9)", "jaraco.develop (>=7.21)", "jaraco.envs (>=2.2)", "jaraco.path (>=3.2.0)", "pip (>=19.1)", "pytest (>=6)", "pytest-black (>=0.3.7)", "pytest-checkdocs (>=2.4)", "pytest-cov", "pytest-enabler (>=2.2)", "pytest-mypy (>=0.9.1)", "pytest-perf", "pytest-ruff", "pytest-timeout", "pytest-xdist", "tomli-w (>=1.0.0)", "virtualenv (>=13.0.0)", "wheel"]
testing-integration = ["build[virtualenv]", "filelock (>=3.4.0)", "jaraco.envs (>=2.2)", "jaraco.path (>=3.2.0)", "pytest", "pytest-enabler", "pytest-xdist", "tomli", "virtualenv (>=13.0.0)", "wheel"]

[[package]]
name = "shiboken6"
version = "6.5.2"
description = "Python/C++ bindings helper module"
optional = false
python-versions = "<3.12,>=3.7"
files = [
    {file = "shiboken6-6.5.2-cp37-abi3-macosx_10_9_universal2.whl", hash = "sha256:ba7af130d34ea03e329baebd80982d2635aee7e58dbb07a07085509a501ed03f"},
    {file = "shiboken6-6.5.2-cp37-abi3-manylinux_2_28_x86_64.whl", hash = "sha256:3fbc35ff3c19e7d39433671bfc1be3d7fa9d071bfdd0ffe1c2a4d27acd6cf6a5"},
    {file = "shiboken6-6.5.2-cp37-abi3-win_amd64.whl", hash = "sha256:558bdb3b0ccc8aac5f9029eabfd6ad8d41f93a87cd7f54395e07732fce39280d"},
    {file = "shiboken6-6.5.2-pp39-pypy39_pp73-macosx_10_9_universal2.whl", hash = "sha256:4e073b40734a7f9cc6ac289c735362967bb45c34f591f7c0fab7cef1d62e6a66"},
    {file = "shiboken6-6.5.2-pp39-pypy39_pp73-manylinux_2_28_x86_64.whl", hash = "sha256:cc89759aabafce49b629b189ed7c81986fedaac695714a4eed1aaeb16783c6a9"},
    {file = "shiboken6-6.5.2-pp39-pypy39_pp73-win_amd64.whl", hash = "sha256:e60d8dd3292e3f87662b9e37ae5c558c519f8250da627c473b68bd8d24ed3243"},
]

[[package]]
name = "smmap"
version = "5.0.0"
description = "A pure Python implementation of a sliding window memory map manager"
optional = false
python-versions = ">=3.6"
files = [
    {file = "smmap-5.0.0-py3-none-any.whl", hash = "sha256:2aba19d6a040e78d8b09de5c57e96207b09ed71d8e55ce0959eeee6c8e190d94"},
    {file = "smmap-5.0.0.tar.gz", hash = "sha256:c840e62059cd3be204b0c9c9f74be2c09d5648eddd4580d9314c3ecde0b30936"},
]

[[package]]
name = "snowballstemmer"
version = "2.2.0"
description = "This package provides 29 stemmers for 28 languages generated from Snowball algorithms."
optional = false
python-versions = "*"
files = [
    {file = "snowballstemmer-2.2.0-py2.py3-none-any.whl", hash = "sha256:c8e1716e83cc398ae16824e5572ae04e0d9fc2c6b985fb0f900f5f0c96ecba1a"},
    {file = "snowballstemmer-2.2.0.tar.gz", hash = "sha256:09b16deb8547d3412ad7b590689584cd0fe25ec8db3be37788be3810cbf19cb1"},
]

[[package]]
name = "stevedore"
version = "5.1.0"
description = "Manage dynamic plugins for Python applications"
optional = false
python-versions = ">=3.8"
files = [
    {file = "stevedore-5.1.0-py3-none-any.whl", hash = "sha256:8cc040628f3cea5d7128f2e76cf486b2251a4e543c7b938f58d9a377f6694a2d"},
    {file = "stevedore-5.1.0.tar.gz", hash = "sha256:a54534acf9b89bc7ed264807013b505bf07f74dbe4bcfa37d32bd063870b087c"},
]

[package.dependencies]
pbr = ">=2.0.0,<2.1.0 || >2.1.0"

[[package]]
name = "tomli"
version = "2.0.1"
description = "A lil' TOML parser"
optional = false
python-versions = ">=3.7"
files = [
    {file = "tomli-2.0.1-py3-none-any.whl", hash = "sha256:939de3e7a6161af0c887ef91b7d41a53e7c5a1ca976325f429cb46ea9bc30ecc"},
    {file = "tomli-2.0.1.tar.gz", hash = "sha256:de526c12914f0c550d15924c62d72abc48d6fe7364aa87328337a31007fe8a4f"},
]

[[package]]
name = "typing-extensions"
version = "4.7.1"
description = "Backported and Experimental Type Hints for Python 3.7+"
optional = false
python-versions = ">=3.7"
files = [
    {file = "typing_extensions-4.7.1-py3-none-any.whl", hash = "sha256:440d5dd3af93b060174bf433bccd69b0babc3b15b1a8dca43789fd7f61514b36"},
    {file = "typing_extensions-4.7.1.tar.gz", hash = "sha256:b75ddc264f0ba5615db7ba217daeb99701ad295353c45f9e95963337ceeeffb2"},
]

[[package]]
name = "unify"
version = "0.5"
description = "Modifies strings to all use the same (single/double) quote where possible."
optional = false
python-versions = "*"
files = [
    {file = "unify-0.5.tar.gz", hash = "sha256:8ddce812b2457212b7598fe574c9e6eb3ad69710f445391338270c7f8a71723c"},
]

[package.dependencies]
untokenize = "*"

[[package]]
name = "untokenize"
version = "0.1.1"
description = "Transforms tokens into original source code (while preserving whitespace)."
optional = false
python-versions = "*"
files = [
    {file = "untokenize-0.1.1.tar.gz", hash = "sha256:3865dbbbb8efb4bb5eaa72f1be7f3e0be00ea8b7f125c69cbd1f5fda926f37a2"},
]

[[package]]
name = "wemake-python-styleguide"
version = "0.18.0"
description = "The strictest and most opinionated python linter ever"
optional = false
python-versions = ">=3.8.1,<4.0"
files = [
    {file = "wemake_python_styleguide-0.18.0-py3-none-any.whl", hash = "sha256:2219be145185edcd5e01f4ce49e3dea11acc34f2c377face0c175bb6ea6ac988"},
    {file = "wemake_python_styleguide-0.18.0.tar.gz", hash = "sha256:69139858cf5b2a9ba09dac136e2873a4685515768f68fdef2684ebefd7b1dafd"},
]

[package.dependencies]
astor = ">=0.8,<0.9"
attrs = "*"
darglint = ">=1.2,<2.0"
flake8 = ">5"
flake8-bandit = ">=4.1,<5.0"
flake8-broken-line = ">=1.0,<2.0"
flake8-bugbear = ">=23.5,<24.0"
flake8-commas = ">=2.0,<3.0"
flake8-comprehensions = ">=3.1,<4.0"
flake8-debugger = ">=4.0,<5.0"
flake8-docstrings = ">=1.3,<2.0"
flake8-eradicate = ">=1.5,<2.0"
flake8-isort = ">=6.0,<7.0"
flake8-quotes = ">=3.0,<4.0"
flake8-rst-docstrings = ">=0.3,<0.4"
flake8-string-format = ">=0.3,<0.4"
pep8-naming = ">=0.13,<0.14"
pygments = ">=2.4,<3.0"
setuptools = "*"
typing_extensions = ">=4.0,<5.0"

[metadata]
lock-version = "2.0"
python-versions = ">=3.10,<3.12"
content-hash = "cdba6016abbdf506b1186666e7eee1d5055a9e3a5c8d99075e19e78c4356125a"
